// !$*UTF8*$!
{
	archiveVersion = 1;
	classes = {
	};
	objectVersion = 77;
	objects = {

/* Begin PBXContainerItemProxy section */
		6E70DD132CCA177D00443202 /* PBXContainerItemProxy */ = {
			isa = PBXContainerItemProxy;
			containerPortal = 6E70DCF42CCA177C00443202 /* Project object */;
			proxyType = 1;
			remoteGlobalIDString = 6E70DCFB2CCA177C00443202;
			remoteInfo = BookFinderWithCodable_home;
		};
		6E70DD1D2CCA177D00443202 /* PBXContainerItemProxy */ = {
			isa = PBXContainerItemProxy;
			containerPortal = 6E70DCF42CCA177C00443202 /* Project object */;
			proxyType = 1;
			remoteGlobalIDString = 6E70DCFB2CCA177C00443202;
			remoteInfo = BookFinderWithCodable_home;
		};
/* End PBXContainerItemProxy section */

/* Begin PBXFileReference section */
		6E70DCFC2CCA177C00443202 /* BookFinderWithCodable_home.app */ = {isa = PBXFileReference; explicitFileType = wrapper.application; includeInIndex = 0; path = BookFinderWithCodable_home.app; sourceTree = BUILT_PRODUCTS_DIR; };
		6E70DD122CCA177D00443202 /* BookFinderWithCodable_homeTests.xctest */ = {isa = PBXFileReference; explicitFileType = wrapper.cfbundle; includeInIndex = 0; path = BookFinderWithCodable_homeTests.xctest; sourceTree = BUILT_PRODUCTS_DIR; };
		6E70DD1C2CCA177D00443202 /* BookFinderWithCodable_homeUITests.xctest */ = {isa = PBXFileReference; explicitFileType = wrapper.cfbundle; includeInIndex = 0; path = BookFinderWithCodable_homeUITests.xctest; sourceTree = BUILT_PRODUCTS_DIR; };
/* End PBXFileReference section */

/* Begin PBXFileSystemSynchronizedBuildFileExceptionSet section */
		6E70DD242CCA177D00443202 /* Exceptions for "BookFinderWithCodable_home" folder in "BookFinderWithCodable_home" target */ = {
			isa = PBXFileSystemSynchronizedBuildFileExceptionSet;
			membershipExceptions = (
				Info.plist,
			);
			target = 6E70DCFB2CCA177C00443202 /* BookFinderWithCodable_home */;
		};
/* End PBXFileSystemSynchronizedBuildFileExceptionSet section */

/* Begin PBXFileSystemSynchronizedRootGroup section */
		6E70DCFE2CCA177C00443202 /* BookFinderWithCodable_home */ = {
			isa = PBXFileSystemSynchronizedRootGroup;
			exceptions = (
				6E70DD242CCA177D00443202 /* Exceptions for "BookFinderWithCodable_home" folder in "BookFinderWithCodable_home" target */,
			);
			path = BookFinderWithCodable_home;
			sourceTree = "<group>";
		};
/* End PBXFileSystemSynchronizedRootGroup section */

/* Begin PBXFrameworksBuildPhase section */
		6E70DCF92CCA177C00443202 /* Frameworks */ = {
			isa = PBXFrameworksBuildPhase;
			buildActionMask = 2147483647;
			files = (
			);
			runOnlyForDeploymentPostprocessing = 0;
		};
		6E70DD0F2CCA177D00443202 /* Frameworks */ = {
			isa = PBXFrameworksBuildPhase;
			buildActionMask = 2147483647;
			files = (
			);
			runOnlyForDeploymentPostprocessing = 0;
		};
		6E70DD192CCA177D00443202 /* Frameworks */ = {
			isa = PBXFrameworksBuildPhase;
			buildActionMask = 2147483647;
			files = (
			);
			runOnlyForDeploymentPostprocessing = 0;
		};
/* End PBXFrameworksBuildPhase section */

/* Begin PBXGroup section */
		6E70DCF32CCA177C00443202 = {
			isa = PBXGroup;
			children = (
				6E70DCFE2CCA177C00443202 /* BookFinderWithCodable_home */,
				6E70DCFD2CCA177C00443202 /* Products */,
			);
			sourceTree = "<group>";
		};
		6E70DCFD2CCA177C00443202 /* Products */ = {
			isa = PBXGroup;
			children = (
				6E70DCFC2CCA177C00443202 /* BookFinderWithCodable_home.app */,
				6E70DD122CCA177D00443202 /* BookFinderWithCodable_homeTests.xctest */,
				6E70DD1C2CCA177D00443202 /* BookFinderWithCodable_homeUITests.xctest */,
			);
			name = Products;
			sourceTree = "<group>";
		};
/* End PBXGroup section */

/* Begin PBXNativeTarget section */
		6E70DCFB2CCA177C00443202 /* BookFinderWithCodable_home */ = {
			isa = PBXNativeTarget;
			buildConfigurationList = 6E70DD252CCA177D00443202 /* Build configuration list for PBXNativeTarget "BookFinderWithCodable_home" */;
			buildPhases = (
				6E70DCF82CCA177C00443202 /* Sources */,
				6E70DCF92CCA177C00443202 /* Frameworks */,
				6E70DCFA2CCA177C00443202 /* Resources */,
			);
			buildRules = (
			);
			dependencies = (
			);
			fileSystemSynchronizedGroups = (
				6E70DCFE2CCA177C00443202 /* BookFinderWithCodable_home */,
			);
			name = BookFinderWithCodable_home;
			packageProductDependencies = (
			);
			productName = BookFinderWithCodable_home;
			productReference = 6E70DCFC2CCA177C00443202 /* BookFinderWithCodable_home.app */;
			productType = "com.apple.product-type.application";
		};
		6E70DD112CCA177D00443202 /* BookFinderWithCodable_homeTests */ = {
			isa = PBXNativeTarget;
			buildConfigurationList = 6E70DD2A2CCA177D00443202 /* Build configuration list for PBXNativeTarget "BookFinderWithCodable_homeTests" */;
			buildPhases = (
				6E70DD0E2CCA177D00443202 /* Sources */,
				6E70DD0F2CCA177D00443202 /* Frameworks */,
				6E70DD102CCA177D00443202 /* Resources */,
			);
			buildRules = (
			);
			dependencies = (
				6E70DD142CCA177D00443202 /* PBXTargetDependency */,
			);
			name = BookFinderWithCodable_homeTests;
			packageProductDependencies = (
			);
			productName = BookFinderWithCodable_homeTests;
			productReference = 6E70DD122CCA177D00443202 /* BookFinderWithCodable_homeTests.xctest */;
			productType = "com.apple.product-type.bundle.unit-test";
		};
		6E70DD1B2CCA177D00443202 /* BookFinderWithCodable_homeUITests */ = {
			isa = PBXNativeTarget;
			buildConfigurationList = 6E70DD2D2CCA177D00443202 /* Build configuration list for PBXNativeTarget "BookFinderWithCodable_homeUITests" */;
			buildPhases = (
				6E70DD182CCA177D00443202 /* Sources */,
				6E70DD192CCA177D00443202 /* Frameworks */,
				6E70DD1A2CCA177D00443202 /* Resources */,
			);
			buildRules = (
			);
			dependencies = (
				6E70DD1E2CCA177D00443202 /* PBXTargetDependency */,
			);
			name = BookFinderWithCodable_homeUITests;
			packageProductDependencies = (
			);
			productName = BookFinderWithCodable_homeUITests;
			productReference = 6E70DD1C2CCA177D00443202 /* BookFinderWithCodable_homeUITests.xctest */;
			productType = "com.apple.product-type.bundle.ui-testing";
		};
/* End PBXNativeTarget section */

/* Begin PBXProject section */
		6E70DCF42CCA177C00443202 /* Project object */ = {
			isa = PBXProject;
			attributes = {
				BuildIndependentTargetsInParallel = 1;
				LastSwiftUpdateCheck = 1600;
				LastUpgradeCheck = 1600;
				TargetAttributes = {
					6E70DCFB2CCA177C00443202 = {
						CreatedOnToolsVersion = 16.0;
					};
					6E70DD112CCA177D00443202 = {
						CreatedOnToolsVersion = 16.0;
						TestTargetID = 6E70DCFB2CCA177C00443202;
					};
					6E70DD1B2CCA177D00443202 = {
						CreatedOnToolsVersion = 16.0;
						TestTargetID = 6E70DCFB2CCA177C00443202;
					};
				};
			};
			buildConfigurationList = 6E70DCF72CCA177C00443202 /* Build configuration list for PBXProject "BookFinderWithCodable_home" */;
			developmentRegion = en;
			hasScannedForEncodings = 0;
			knownRegions = (
				en,
				Base,
			);
			mainGroup = 6E70DCF32CCA177C00443202;
			minimizedProjectReferenceProxies = 1;
			preferredProjectObjectVersion = 77;
			productRefGroup = 6E70DCFD2CCA177C00443202 /* Products */;
			projectDirPath = "";
			projectRoot = "";
			targets = (
				6E70DCFB2CCA177C00443202 /* BookFinderWithCodable_home */,
				6E70DD112CCA177D00443202 /* BookFinderWithCodable_homeTests */,
				6E70DD1B2CCA177D00443202 /* BookFinderWithCodable_homeUITests */,
			);
		};
/* End PBXProject section */

/* Begin PBXResourcesBuildPhase section */
		6E70DCFA2CCA177C00443202 /* Resources */ = {
			isa = PBXResourcesBuildPhase;
			buildActionMask = 2147483647;
			files = (
			);
			runOnlyForDeploymentPostprocessing = 0;
		};
		6E70DD102CCA177D00443202 /* Resources */ = {
			isa = PBXResourcesBuildPhase;
			buildActionMask = 2147483647;
			files = (
			);
			runOnlyForDeploymentPostprocessing = 0;
		};
		6E70DD1A2CCA177D00443202 /* Resources */ = {
			isa = PBXResourcesBuildPhase;
			buildActionMask = 2147483647;
			files = (
			);
			runOnlyForDeploymentPostprocessing = 0;
		};
/* End PBXResourcesBuildPhase section */

/* Begin PBXSourcesBuildPhase section */
		6E70DCF82CCA177C00443202 /* Sources */ = {
			isa = PBXSourcesBuildPhase;
			buildActionMask = 2147483647;
			files = (
			);
			runOnlyForDeploymentPostprocessing = 0;
		};
		6E70DD0E2CCA177D00443202 /* Sources */ = {
			isa = PBXSourcesBuildPhase;
			buildActionMask = 2147483647;
			files = (
			);
			runOnlyForDeploymentPostprocessing = 0;
		};
		6E70DD182CCA177D00443202 /* Sources */ = {
			isa = PBXSourcesBuildPhase;
			buildActionMask = 2147483647;
			files = (
			);
			runOnlyForDeploymentPostprocessing = 0;
		};
/* End PBXSourcesBuildPhase section */

/* Begin PBXTargetDependency section */
		6E70DD142CCA177D00443202 /* PBXTargetDependency */ = {
			isa = PBXTargetDependency;
			target = 6E70DCFB2CCA177C00443202 /* BookFinderWithCodable_home */;
			targetProxy = 6E70DD132CCA177D00443202 /* PBXContainerItemProxy */;
		};
		6E70DD1E2CCA177D00443202 /* PBXTargetDependency */ = {
			isa = PBXTargetDependency;
			target = 6E70DCFB2CCA177C00443202 /* BookFinderWithCodable_home */;
			targetProxy = 6E70DD1D2CCA177D00443202 /* PBXContainerItemProxy */;
		};
/* End PBXTargetDependency section */

/* Begin XCBuildConfiguration section */
		6E70DD262CCA177D00443202 /* Debug */ = {
			isa = XCBuildConfiguration;
			buildSettings = {
				ASSETCATALOG_COMPILER_APPICON_NAME = AppIcon;
				ASSETCATALOG_COMPILER_GLOBAL_ACCENT_COLOR_NAME = AccentColor;
				CODE_SIGN_STYLE = Automatic;
				CURRENT_PROJECT_VERSION = 1;
				GENERATE_INFOPLIST_FILE = YES;
				INFOPLIST_FILE = BookFinderWithCodable_home/Info.plist;
				INFOPLIST_KEY_UIApplicationSupportsIndirectInputEvents = YES;
				INFOPLIST_KEY_UILaunchStoryboardName = LaunchScreen;
				INFOPLIST_KEY_UIMainStoryboardFile = Main;
				INFOPLIST_KEY_UISupportedInterfaceOrientations_iPad = "UIInterfaceOrientationPortrait UIInterfaceOrientationPortraitUpsideDown UIInterfaceOrientationLandscapeLeft UIInterfaceOrientationLandscapeRight";
				INFOPLIST_KEY_UISupportedInterfaceOrientations_iPhone = "UIInterfaceOrientationPortrait UIInterfaceOrientationLandscapeLeft UIInterfaceOrientationLandscapeRight";
				LD_RUNPATH_SEARCH_PATHS = (
					"$(inherited)",
					"@executable_path/Frameworks",
				);
				MARKETING_VERSION = 1.0;
				PRODUCT_BUNDLE_IDENTIFIER = "kr.or.womanup.nambu.lyr.BookFinderWithCodable-home";
				PRODUCT_NAME = "$(TARGET_NAME)";
				SWIFT_EMIT_LOC_STRINGS = YES;
				SWIFT_VERSION = 5.0;
				TARGETED_DEVICE_FAMILY = "1,2";
			};
			name = Debug;
		};
		6E70DD272CCA177D00443202 /* Release */ = {
			isa = XCBuildConfiguration;
			buildSettings = {
				ASSETCATALOG_COMPILER_APPICON_NAME = AppIcon;
				ASSETCATALOG_COMPILER_GLOBAL_ACCENT_COLOR_NAME = AccentColor;
				CODE_SIGN_STYLE = Automatic;
				CURRENT_PROJECT_VERSION = 1;
				GENERATE_INFOPLIST_FILE = YES;
				INFOPLIST_FILE = BookFinderWithCodable_home/Info.plist;
				INFOPLIST_KEY_UIApplicationSupportsIndirectInputEvents = YES;
				INFOPLIST_KEY_UILaunchStoryboardName = LaunchScreen;
				INFOPLIST_KEY_UIMainStoryboardFile = Main;
				INFOPLIST_KEY_UISupportedInterfaceOrientations_iPad = "UIInterfaceOrientationPortrait UIInterfaceOrientationPortraitUpsideDown UIInterfaceOrientationLandscapeLeft UIInterfaceOrientationLandscapeRight";
				INFOPLIST_KEY_UISupportedInterfaceOrientations_iPhone = "UIInterfaceOrientationPortrait UIInterfaceOrientationLandscapeLeft UIInterfaceOrientationLandscapeRight";
				LD_RUNPATH_SEARCH_PATHS = (
					"$(inherited)",
					"@executable_path/Frameworks",
				);
				MARKETING_VERSION = 1.0;
				PRODUCT_BUNDLE_IDENTIFIER = "kr.or.womanup.nambu.lyr.BookFinderWithCodable-home";
				PRODUCT_NAME = "$(TARGET_NAME)";
				SWIFT_EMIT_LOC_STRINGS = YES;
				SWIFT_VERSION = 5.0;
				TARGETED_DEVICE_FAMILY = "1,2";
			};
			name = Release;
		};
		6E70DD282CCA177D00443202 /* Debug */ = {
			isa = XCBuildConfiguration;
			buildSettings = {
				ALWAYS_SEARCH_USER_PATHS = NO;
				ASSETCATALOG_COMPILER_GENERATE_SWIFT_ASSET_SYMBOL_EXTENSIONS = YES;
				CLANG_ANALYZER_NONNULL = YES;
				CLANG_ANALYZER_NUMBER_OBJECT_CONVERSION = YES_AGGRESSIVE;
				CLANG_CXX_LANGUAGE_STANDARD = "gnu++20";
				CLANG_ENABLE_MODULES = YES;
				CLANG_ENABLE_OBJC_ARC = YES;
				CLANG_ENABLE_OBJC_WEAK = YES;
				CLANG_WARN_BLOCK_CAPTURE_AUTORELEASING = YES;
				CLANG_WARN_BOOL_CONVERSION = YES;
				CLANG_WARN_COMMA = YES;
				CLANG_WARN_CONSTANT_CONVERSION = YES;
				CLANG_WARN_DEPRECATED_OBJC_IMPLEMENTATIONS = YES;
				CLANG_WARN_DIRECT_OBJC_ISA_USAGE = YES_ERROR;
				CLANG_WARN_DOCUMENTATION_COMMENTS = YES;
				CLANG_WARN_EMPTY_BODY = YES;
				CLANG_WARN_ENUM_CONVERSION = YES;
				CLANG_WARN_INFINITE_RECURSION = YES;
				CLANG_WARN_INT_CONVERSION = YES;
				CLANG_WARN_NON_LITERAL_NULL_CONVERSION = YES;
				CLANG_WARN_OBJC_IMPLICIT_RETAIN_SELF = YES;
				CLANG_WARN_OBJC_LITERAL_CONVERSION = YES;
				CLANG_WARN_OBJC_ROOT_CLASS = YES_ERROR;
				CLANG_WARN_QUOTED_INCLUDE_IN_FRAMEWORK_HEADER = YES;
				CLANG_WARN_RANGE_LOOP_ANALYSIS = YES;
				CLANG_WARN_STRICT_PROTOTYPES = YES;
				CLANG_WARN_SUSPICIOUS_MOVE = YES;
				CLANG_WARN_UNGUARDED_AVAILABILITY = YES_AGGRESSIVE;
				CLANG_WARN_UNREACHABLE_CODE = YES;
				CLANG_WARN__DUPLICATE_METHOD_MATCH = YES;
				COPY_PHASE_STRIP = NO;
				DEBUG_INFORMATION_FORMAT = dwarf;
				ENABLE_STRICT_OBJC_MSGSEND = YES;
				ENABLE_TESTABILITY = YES;
				ENABLE_USER_SCRIPT_SANDBOXING = YES;
				GCC_C_LANGUAGE_STANDARD = gnu17;
				GCC_DYNAMIC_NO_PIC = NO;
				GCC_NO_COMMON_BLOCKS = YES;
				GCC_OPTIMIZATION_LEVEL = 0;
				GCC_PREPROCESSOR_DEFINITIONS = (
					"DEBUG=1",
					"$(inherited)",
				);
				GCC_WARN_64_TO_32_BIT_CONVERSION = YES;
				GCC_WARN_ABOUT_RETURN_TYPE = YES_ERROR;
				GCC_WARN_UNDECLARED_SELECTOR = YES;
				GCC_WARN_UNINITIALIZED_AUTOS = YES_AGGRESSIVE;
				GCC_WARN_UNUSED_FUNCTION = YES;
				GCC_WARN_UNUSED_VARIABLE = YES;
				IPHONEOS_DEPLOYMENT_TARGET = 18.0;
				LOCALIZATION_PREFERS_STRING_CATALOGS = YES;
				MTL_ENABLE_DEBUG_INFO = INCLUDE_SOURCE;
				MTL_FAST_MATH = YES;
				ONLY_ACTIVE_ARCH = YES;
				SDKROOT = iphoneos;
				SWIFT_ACTIVE_COMPILATION_CONDITIONS = "DEBUG $(inherited)";
				SWIFT_OPTIMIZATION_LEVEL = "-Onone";
			};
			name = Debug;
		};
		6E70DD292CCA177D00443202 /* Release */ = {
			isa = XCBuildConfiguration;
			buildSettings = {
				ALWAYS_SEARCH_USER_PATHS = NO;
				ASSETCATALOG_COMPILER_GENERATE_SWIFT_ASSET_SYMBOL_EXTENSIONS = YES;
				CLANG_ANALYZER_NONNULL = YES;
				CLANG_ANALYZER_NUMBER_OBJECT_CONVERSION = YES_AGGRESSIVE;
				CLANG_CXX_LANGUAGE_STANDARD = "gnu++20";
				CLANG_ENABLE_MODULES = YES;
				CLANG_ENABLE_OBJC_ARC = YES;
				CLANG_ENABLE_OBJC_WEAK = YES;
				CLANG_WARN_BLOCK_CAPTURE_AUTORELEASING = YES;
				CLANG_WARN_BOOL_CONVERSION = YES;
				CLANG_WARN_COMMA = YES;
				CLANG_WARN_CONSTANT_CONVERSION = YES;
				CLANG_WARN_DEPRECATED_OBJC_IMPLEMENTATIONS = YES;
				CLANG_WARN_DIRECT_OBJC_ISA_USAGE = YES_ERROR;
				CLANG_WARN_DOCUMENTATION_COMMENTS = YES;
				CLANG_WARN_EMPTY_BODY = YES;
				CLANG_WARN_ENUM_CONVERSION = YES;
				CLANG_WARN_INFINITE_RECURSION = YES;
				CLANG_WARN_INT_CONVERSION = YES;
				CLANG_WARN_NON_LITERAL_NULL_CONVERSION = YES;
				CLANG_WARN_OBJC_IMPLICIT_RETAIN_SELF = YES;
				CLANG_WARN_OBJC_LITERAL_CONVERSION = YES;
				CLANG_WARN_OBJC_ROOT_CLASS = YES_ERROR;
				CLANG_WARN_QUOTED_INCLUDE_IN_FRAMEWORK_HEADER = YES;
				CLANG_WARN_RANGE_LOOP_ANALYSIS = YES;
				CLANG_WARN_STRICT_PROTOTYPES = YES;
				CLANG_WARN_SUSPICIOUS_MOVE = YES;
				CLANG_WARN_UNGUARDED_AVAILABILITY = YES_AGGRESSIVE;
				CLANG_WARN_UNREACHABLE_CODE = YES;
				CLANG_WARN__DUPLICATE_METHOD_MATCH = YES;
				COPY_PHASE_STRIP = NO;
				DEBUG_INFORMATION_FORMAT = "dwarf-with-dsym";
				ENABLE_NS_ASSERTIONS = NO;
				ENABLE_STRICT_OBJC_MSGSEND = YES;
				ENABLE_USER_SCRIPT_SANDBOXING = YES;
				GCC_C_LANGUAGE_STANDARD = gnu17;
				GCC_NO_COMMON_BLOCKS = YES;
				GCC_WARN_64_TO_32_BIT_CONVERSION = YES;
				GCC_WARN_ABOUT_RETURN_TYPE = YES_ERROR;
				GCC_WARN_UNDECLARED_SELECTOR = YES;
				GCC_WARN_UNINITIALIZED_AUTOS = YES_AGGRESSIVE;
				GCC_WARN_UNUSED_FUNCTION = YES;
				GCC_WARN_UNUSED_VARIABLE = YES;
				IPHONEOS_DEPLOYMENT_TARGET = 18.0;
				LOCALIZATION_PREFERS_STRING_CATALOGS = YES;
				MTL_ENABLE_DEBUG_INFO = NO;
				MTL_FAST_MATH = YES;
				SDKROOT = iphoneos;
				SWIFT_COMPILATION_MODE = wholemodule;
				VALIDATE_PRODUCT = YES;
			};
			name = Release;
		};
		6E70DD2B2CCA177D00443202 /* Debug */ = {
			isa = XCBuildConfiguration;
			buildSettings = {
				BUNDLE_LOADER = "$(TEST_HOST)";
				CODE_SIGN_STYLE = Automatic;
				CURRENT_PROJECT_VERSION = 1;
				GENERATE_INFOPLIST_FILE = YES;
				IPHONEOS_DEPLOYMENT_TARGET = 18.0;
				MARKETING_VERSION = 1.0;
				PRODUCT_BUNDLE_IDENTIFIER = "kr.or.womanup.nambu.lyr.BookFinderWithCodable-homeTests";
				PRODUCT_NAME = "$(TARGET_NAME)";
				SWIFT_EMIT_LOC_STRINGS = NO;
				SWIFT_VERSION = 5.0;
				TARGETED_DEVICE_FAMILY = "1,2";
				TEST_HOST = "$(BUILT_PRODUCTS_DIR)/BookFinderWithCodable_home.app/$(BUNDLE_EXECUTABLE_FOLDER_PATH)/BookFinderWithCodable_home";
			};
			name = Debug;
		};
		6E70DD2C2CCA177D00443202 /* Release */ = {
			isa = XCBuildConfiguration;
			buildSettings = {
				BUNDLE_LOADER = "$(TEST_HOST)";
				CODE_SIGN_STYLE = Automatic;
				CURRENT_PROJECT_VERSION = 1;
				GENERATE_INFOPLIST_FILE = YES;
				IPHONEOS_DEPLOYMENT_TARGET = 18.0;
				MARKETING_VERSION = 1.0;
				PRODUCT_BUNDLE_IDENTIFIER = "kr.or.womanup.nambu.lyr.BookFinderWithCodable-homeTests";
				PRODUCT_NAME = "$(TARGET_NAME)";
				SWIFT_EMIT_LOC_STRINGS = NO;
				SWIFT_VERSION = 5.0;
				TARGETED_DEVICE_FAMILY = "1,2";
				TEST_HOST = "$(BUILT_PRODUCTS_DIR)/BookFinderWithCodable_home.app/$(BUNDLE_EXECUTABLE_FOLDER_PATH)/BookFinderWithCodable_home";
			};
			name = Release;
		};
		6E70DD2E2CCA177D00443202 /* Debug */ = {
			isa = XCBuildConfiguration;
			buildSettings = {
				CODE_SIGN_STYLE = Automatic;
				CURRENT_PROJECT_VERSION = 1;
				GENERATE_INFOPLIST_FILE = YES;
				MARKETING_VERSION = 1.0;
				PRODUCT_BUNDLE_IDENTIFIER = "kr.or.womanup.nambu.lyr.BookFinderWithCodable-homeUITests";
				PRODUCT_NAME = "$(TARGET_NAME)";
				SWIFT_EMIT_LOC_STRINGS = NO;
				SWIFT_VERSION = 5.0;
				TARGETED_DEVICE_FAMILY = "1,2";
				TEST_TARGET_NAME = BookFinderWithCodable_home;
			};
			name = Debug;
		};
		6E70DD2F2CCA177D00443202 /* Release */ = {
			isa = XCBuildConfiguration;
			buildSettings = {
				CODE_SIGN_STYLE = Automatic;
				CURRENT_PROJECT_VERSION = 1;
				GENERATE_INFOPLIST_FILE = YES;
				MARKETING_VERSION = 1.0;
				PRODUCT_BUNDLE_IDENTIFIER = "kr.or.womanup.nambu.lyr.BookFinderWithCodable-homeUITests";
				PRODUCT_NAME = "$(TARGET_NAME)";
				SWIFT_EMIT_LOC_STRINGS = NO;
				SWIFT_VERSION = 5.0;
				TARGETED_DEVICE_FAMILY = "1,2";
				TEST_TARGET_NAME = BookFinderWithCodable_home;
			};
			name = Release;
		};
/* End XCBuildConfiguration section */

/* Begin XCConfigurationList section */
		6E70DCF72CCA177C00443202 /* Build configuration list for PBXProject "BookFinderWithCodable_home" */ = {
			isa = XCConfigurationList;
			buildConfigurations = (
				6E70DD282CCA177D00443202 /* Debug */,
				6E70DD292CCA177D00443202 /* Release */,
			);
			defaultConfigurationIsVisible = 0;
			defaultConfigurationName = Release;
		};
		6E70DD252CCA177D00443202 /* Build configuration list for PBXNativeTarget "BookFinderWithCodable_home" */ = {
			isa = XCConfigurationList;
			buildConfigurations = (
				6E70DD262CCA177D00443202 /* Debug */,
				6E70DD272CCA177D00443202 /* Release */,
			);
			defaultConfigurationIsVisible = 0;
			defaultConfigurationName = Release;
		};
		6E70DD2A2CCA177D00443202 /* Build configuration list for PBXNativeTarget "BookFinderWithCodable_homeTests" */ = {
			isa = XCConfigurationList;
			buildConfigurations = (
				6E70DD2B2CCA177D00443202 /* Debug */,
				6E70DD2C2CCA177D00443202 /* Release */,
			);
			defaultConfigurationIsVisible = 0;
			defaultConfigurationName = Release;
		};
		6E70DD2D2CCA177D00443202 /* Build configuration list for PBXNativeTarget "BookFinderWithCodable_homeUITests" */ = {
			isa = XCConfigurationList;
			buildConfigurations = (
				6E70DD2E2CCA177D00443202 /* Debug */,
				6E70DD2F2CCA177D00443202 /* Release */,
			);
			defaultConfigurationIsVisible = 0;
			defaultConfigurationName = Release;
		};
/* End XCConfigurationList section */
	};
	rootObject = 6E70DCF42CCA177C00443202 /* Project object */;
}
