// !$*UTF8*$!
{
	archiveVersion = 1;
	classes = {
	};
	objectVersion = 56;
	objects = {

/* Begin PBXBuildFile section */
		117A0B702C8A0BC100460356 /* AppDelegate.swift in Sources */ = {isa = PBXBuildFile; fileRef = 117A0B6F2C8A0BC100460356 /* AppDelegate.swift */; };
		117A0B722C8A0BC100460356 /* SceneDelegate.swift in Sources */ = {isa = PBXBuildFile; fileRef = 117A0B712C8A0BC100460356 /* SceneDelegate.swift */; };
		117A0B742C8A0BC100460356 /* ViewController.swift in Sources */ = {isa = PBXBuildFile; fileRef = 117A0B732C8A0BC100460356 /* ViewController.swift */; };
		117A0B772C8A0BC100460356 /* Base in Resources */ = {isa = PBXBuildFile; fileRef = 117A0B762C8A0BC100460356 /* Base */; };
		117A0B792C8A0BC200460356 /* Assets.xcassets in Resources */ = {isa = PBXBuildFile; fileRef = 117A0B782C8A0BC200460356 /* Assets.xcassets */; };
		117A0B7C2C8A0BC200460356 /* Base in Resources */ = {isa = PBXBuildFile; fileRef = 117A0B7B2C8A0BC200460356 /* Base */; };
/* End PBXBuildFile section */

/* Begin PBXFileReference section */
		117A0B6C2C8A0BC100460356 /* SBTableView-DefaultConfig-ReuseWithCellId.app */ = {isa = PBXFileReference; explicitFileType = wrapper.application; includeInIndex = 0; path = "SBTableView-DefaultConfig-ReuseWithCellId.app"; sourceTree = BUILT_PRODUCTS_DIR; };
		117A0B6F2C8A0BC100460356 /* AppDelegate.swift */ = {isa = PBXFileReference; lastKnownFileType = sourcecode.swift; path = AppDelegate.swift; sourceTree = "<group>"; };
		117A0B712C8A0BC100460356 /* SceneDelegate.swift */ = {isa = PBXFileReference; lastKnownFileType = sourcecode.swift; path = SceneDelegate.swift; sourceTree = "<group>"; };
		117A0B732C8A0BC100460356 /* ViewController.swift */ = {isa = PBXFileReference; lastKnownFileType = sourcecode.swift; path = ViewController.swift; sourceTree = "<group>"; };
		117A0B762C8A0BC100460356 /* Base */ = {isa = PBXFileReference; lastKnownFileType = file.storyboard; name = Base; path = Base.lproj/Main.storyboard; sourceTree = "<group>"; };
		117A0B782C8A0BC200460356 /* Assets.xcassets */ = {isa = PBXFileReference; lastKnownFileType = folder.assetcatalog; path = Assets.xcassets; sourceTree = "<group>"; };
		117A0B7B2C8A0BC200460356 /* Base */ = {isa = PBXFileReference; lastKnownFileType = file.storyboard; name = Base; path = Base.lproj/LaunchScreen.storyboard; sourceTree = "<group>"; };
		117A0B7D2C8A0BC200460356 /* Info.plist */ = {isa = PBXFileReference; lastKnownFileType = text.plist.xml; path = Info.plist; sourceTree = "<group>"; };
/* End PBXFileReference section */

/* Begin PBXFrameworksBuildPhase section */
		117A0B692C8A0BC100460356 /* Frameworks */ = {
			isa = PBXFrameworksBuildPhase;
			buildActionMask = 2147483647;
			files = (
			);
			runOnlyForDeploymentPostprocessing = 0;
		};
/* End PBXFrameworksBuildPhase section */

/* Begin PBXGroup section */
		117A0B632C8A0BC100460356 = {
			isa = PBXGroup;
			children = (
				117A0B6E2C8A0BC100460356 /* SBTableView-DefaultConfig-ReuseWithCellId */,
				117A0B6D2C8A0BC100460356 /* Products */,
			);
			sourceTree = "<group>";
		};
		117A0B6D2C8A0BC100460356 /* Products */ = {
			isa = PBXGroup;
			children = (
				117A0B6C2C8A0BC100460356 /* SBTableView-DefaultConfig-ReuseWithCellId.app */,
			);
			name = Products;
			sourceTree = "<group>";
		};
		117A0B6E2C8A0BC100460356 /* SBTableView-DefaultConfig-ReuseWithCellId */ = {
			isa = PBXGroup;
			children = (
				117A0B6F2C8A0BC100460356 /* AppDelegate.swift */,
				117A0B712C8A0BC100460356 /* SceneDelegate.swift */,
				117A0B732C8A0BC100460356 /* ViewController.swift */,
				117A0B752C8A0BC100460356 /* Main.storyboard */,
				117A0B782C8A0BC200460356 /* Assets.xcassets */,
				117A0B7A2C8A0BC200460356 /* LaunchScreen.storyboard */,
				117A0B7D2C8A0BC200460356 /* Info.plist */,
			);
			path = "SBTableView-DefaultConfig-ReuseWithCellId";
			sourceTree = "<group>";
		};
/* End PBXGroup section */

/* Begin PBXNativeTarget section */
		117A0B6B2C8A0BC100460356 /* SBTableView-DefaultConfig-ReuseWithCellId */ = {
			isa = PBXNativeTarget;
			buildConfigurationList = 117A0B802C8A0BC200460356 /* Build configuration list for PBXNativeTarget "SBTableView-DefaultConfig-ReuseWithCellId" */;
			buildPhases = (
				117A0B682C8A0BC100460356 /* Sources */,
				117A0B692C8A0BC100460356 /* Frameworks */,
				117A0B6A2C8A0BC100460356 /* Resources */,
			);
			buildRules = (
			);
			dependencies = (
			);
			name = "SBTableView-DefaultConfig-ReuseWithCellId";
			productName = "SBTableView-DefaultConfig-ReuseWithCellId";
			productReference = 117A0B6C2C8A0BC100460356 /* SBTableView-DefaultConfig-ReuseWithCellId.app */;
			productType = "com.apple.product-type.application";
		};
/* End PBXNativeTarget section */

/* Begin PBXProject section */
		117A0B642C8A0BC100460356 /* Project object */ = {
			isa = PBXProject;
			attributes = {
				BuildIndependentTargetsInParallel = 1;
				LastSwiftUpdateCheck = 1540;
				LastUpgradeCheck = 1540;
				TargetAttributes = {
					117A0B6B2C8A0BC100460356 = {
						CreatedOnToolsVersion = 15.4;
					};
				};
			};
			buildConfigurationList = 117A0B672C8A0BC100460356 /* Build configuration list for PBXProject "SBTableView-DefaultConfig-ReuseWithCellId" */;
			compatibilityVersion = "Xcode 14.0";
			developmentRegion = en;
			hasScannedForEncodings = 0;
			knownRegions = (
				en,
				Base,
			);
			mainGroup = 117A0B632C8A0BC100460356;
			productRefGroup = 117A0B6D2C8A0BC100460356 /* Products */;
			projectDirPath = "";
			projectRoot = "";
			targets = (
				117A0B6B2C8A0BC100460356 /* SBTableView-DefaultConfig-ReuseWithCellId */,
			);
		};
/* End PBXProject section */

/* Begin PBXResourcesBuildPhase section */
		117A0B6A2C8A0BC100460356 /* Resources */ = {
			isa = PBXResourcesBuildPhase;
			buildActionMask = 2147483647;
			files = (
				117A0B792C8A0BC200460356 /* Assets.xcassets in Resources */,
				117A0B7C2C8A0BC200460356 /* Base in Resources */,
				117A0B772C8A0BC100460356 /* Base in Resources */,
			);
			runOnlyForDeploymentPostprocessing = 0;
		};
/* End PBXResourcesBuildPhase section */

/* Begin PBXSourcesBuildPhase section */
		117A0B682C8A0BC100460356 /* Sources */ = {
			isa = PBXSourcesBuildPhase;
			buildActionMask = 2147483647;
			files = (
				117A0B742C8A0BC100460356 /* ViewController.swift in Sources */,
				117A0B702C8A0BC100460356 /* AppDelegate.swift in Sources */,
				117A0B722C8A0BC100460356 /* SceneDelegate.swift in Sources */,
			);
			runOnlyForDeploymentPostprocessing = 0;
		};
/* End PBXSourcesBuildPhase section */

/* Begin PBXVariantGroup section */
		117A0B752C8A0BC100460356 /* Main.storyboard */ = {
			isa = PBXVariantGroup;
			children = (
				117A0B762C8A0BC100460356 /* Base */,
			);
			name = Main.storyboard;
			sourceTree = "<group>";
		};
		117A0B7A2C8A0BC200460356 /* LaunchScreen.storyboard */ = {
			isa = PBXVariantGroup;
			children = (
				117A0B7B2C8A0BC200460356 /* Base */,
			);
			name = LaunchScreen.storyboard;
			sourceTree = "<group>";
		};
/* End PBXVariantGroup section */

/* Begin XCBuildConfiguration section */
		117A0B7E2C8A0BC200460356 /* Debug */ = {
			isa = XCBuildConfiguration;
			buildSettings = {
				ALWAYS_SEARCH_USER_PATHS = NO;
				ASSETCATALOG_COMPILER_GENERATE_SWIFT_ASSET_SYMBOL_EXTENSIONS = YES;
				CLANG_ANALYZER_NONNULL = YES;
				CLANG_ANALYZER_NUMBER_OBJECT_CONVERSION = YES_AGGRESSIVE;
				CLANG_CXX_LANGUAGE_STANDARD = "gnu++20";
				CLANG_ENABLE_MODULES = YES;
				CLANG_ENABLE_OBJC_ARC = YES;
				CLANG_ENABLE_OBJC_WEAK = YES;
				CLANG_WARN_BLOCK_CAPTURE_AUTORELEASING = YES;
				CLANG_WARN_BOOL_CONVERSION = YES;
				CLANG_WARN_COMMA = YES;
				CLANG_WARN_CONSTANT_CONVERSION = YES;
				CLANG_WARN_DEPRECATED_OBJC_IMPLEMENTATIONS = YES;
				CLANG_WARN_DIRECT_OBJC_ISA_USAGE = YES_ERROR;
				CLANG_WARN_DOCUMENTATION_COMMENTS = YES;
				CLANG_WARN_EMPTY_BODY = YES;
				CLANG_WARN_ENUM_CONVERSION = YES;
				CLANG_WARN_INFINITE_RECURSION = YES;
				CLANG_WARN_INT_CONVERSION = YES;
				CLANG_WARN_NON_LITERAL_NULL_CONVERSION = YES;
				CLANG_WARN_OBJC_IMPLICIT_RETAIN_SELF = YES;
				CLANG_WARN_OBJC_LITERAL_CONVERSION = YES;
				CLANG_WARN_OBJC_ROOT_CLASS = YES_ERROR;
				CLANG_WARN_QUOTED_INCLUDE_IN_FRAMEWORK_HEADER = YES;
				CLANG_WARN_RANGE_LOOP_ANALYSIS = YES;
				CLANG_WARN_STRICT_PROTOTYPES = YES;
				CLANG_WARN_SUSPICIOUS_MOVE = YES;
				CLANG_WARN_UNGUARDED_AVAILABILITY = YES_AGGRESSIVE;
				CLANG_WARN_UNREACHABLE_CODE = YES;
				CLANG_WARN__DUPLICATE_METHOD_MATCH = YES;
				COPY_PHASE_STRIP = NO;
				DEBUG_INFORMATION_FORMAT = dwarf;
				ENABLE_STRICT_OBJC_MSGSEND = YES;
				ENABLE_TESTABILITY = YES;
				ENABLE_USER_SCRIPT_SANDBOXING = YES;
				GCC_C_LANGUAGE_STANDARD = gnu17;
				GCC_DYNAMIC_NO_PIC = NO;
				GCC_NO_COMMON_BLOCKS = YES;
				GCC_OPTIMIZATION_LEVEL = 0;
				GCC_PREPROCESSOR_DEFINITIONS = (
					"DEBUG=1",
					"$(inherited)",
				);
				GCC_WARN_64_TO_32_BIT_CONVERSION = YES;
				GCC_WARN_ABOUT_RETURN_TYPE = YES_ERROR;
				GCC_WARN_UNDECLARED_SELECTOR = YES;
				GCC_WARN_UNINITIALIZED_AUTOS = YES_AGGRESSIVE;
				GCC_WARN_UNUSED_FUNCTION = YES;
				GCC_WARN_UNUSED_VARIABLE = YES;
				IPHONEOS_DEPLOYMENT_TARGET = 17.5;
				LOCALIZATION_PREFERS_STRING_CATALOGS = YES;
				MTL_ENABLE_DEBUG_INFO = INCLUDE_SOURCE;
				MTL_FAST_MATH = YES;
				ONLY_ACTIVE_ARCH = YES;
				SDKROOT = iphoneos;
				SWIFT_ACTIVE_COMPILATION_CONDITIONS = "DEBUG $(inherited)";
				SWIFT_OPTIMIZATION_LEVEL = "-Onone";
			};
			name = Debug;
		};
		117A0B7F2C8A0BC200460356 /* Release */ = {
			isa = XCBuildConfiguration;
			buildSettings = {
				ALWAYS_SEARCH_USER_PATHS = NO;
				ASSETCATALOG_COMPILER_GENERATE_SWIFT_ASSET_SYMBOL_EXTENSIONS = YES;
				CLANG_ANALYZER_NONNULL = YES;
				CLANG_ANALYZER_NUMBER_OBJECT_CONVERSION = YES_AGGRESSIVE;
				CLANG_CXX_LANGUAGE_STANDARD = "gnu++20";
				CLANG_ENABLE_MODULES = YES;
				CLANG_ENABLE_OBJC_ARC = YES;
				CLANG_ENABLE_OBJC_WEAK = YES;
				CLANG_WARN_BLOCK_CAPTURE_AUTORELEASING = YES;
				CLANG_WARN_BOOL_CONVERSION = YES;
				CLANG_WARN_COMMA = YES;
				CLANG_WARN_CONSTANT_CONVERSION = YES;
				CLANG_WARN_DEPRECATED_OBJC_IMPLEMENTATIONS = YES;
				CLANG_WARN_DIRECT_OBJC_ISA_USAGE = YES_ERROR;
				CLANG_WARN_DOCUMENTATION_COMMENTS = YES;
				CLANG_WARN_EMPTY_BODY = YES;
				CLANG_WARN_ENUM_CONVERSION = YES;
				CLANG_WARN_INFINITE_RECURSION = YES;
				CLANG_WARN_INT_CONVERSION = YES;
				CLANG_WARN_NON_LITERAL_NULL_CONVERSION = YES;
				CLANG_WARN_OBJC_IMPLICIT_RETAIN_SELF = YES;
				CLANG_WARN_OBJC_LITERAL_CONVERSION = YES;
				CLANG_WARN_OBJC_ROOT_CLASS = YES_ERROR;
				CLANG_WARN_QUOTED_INCLUDE_IN_FRAMEWORK_HEADER = YES;
				CLANG_WARN_RANGE_LOOP_ANALYSIS = YES;
				CLANG_WARN_STRICT_PROTOTYPES = YES;
				CLANG_WARN_SUSPICIOUS_MOVE = YES;
				CLANG_WARN_UNGUARDED_AVAILABILITY = YES_AGGRESSIVE;
				CLANG_WARN_UNREACHABLE_CODE = YES;
				CLANG_WARN__DUPLICATE_METHOD_MATCH = YES;
				COPY_PHASE_STRIP = NO;
				DEBUG_INFORMATION_FORMAT = "dwarf-with-dsym";
				ENABLE_NS_ASSERTIONS = NO;
				ENABLE_STRICT_OBJC_MSGSEND = YES;
				ENABLE_USER_SCRIPT_SANDBOXING = YES;
				GCC_C_LANGUAGE_STANDARD = gnu17;
				GCC_NO_COMMON_BLOCKS = YES;
				GCC_WARN_64_TO_32_BIT_CONVERSION = YES;
				GCC_WARN_ABOUT_RETURN_TYPE = YES_ERROR;
				GCC_WARN_UNDECLARED_SELECTOR = YES;
				GCC_WARN_UNINITIALIZED_AUTOS = YES_AGGRESSIVE;
				GCC_WARN_UNUSED_FUNCTION = YES;
				GCC_WARN_UNUSED_VARIABLE = YES;
				IPHONEOS_DEPLOYMENT_TARGET = 17.5;
				LOCALIZATION_PREFERS_STRING_CATALOGS = YES;
				MTL_ENABLE_DEBUG_INFO = NO;
				MTL_FAST_MATH = YES;
				SDKROOT = iphoneos;
				SWIFT_COMPILATION_MODE = wholemodule;
				VALIDATE_PRODUCT = YES;
			};
			name = Release;
		};
		117A0B812C8A0BC200460356 /* Debug */ = {
			isa = XCBuildConfiguration;
			buildSettings = {
				ASSETCATALOG_COMPILER_APPICON_NAME = AppIcon;
				ASSETCATALOG_COMPILER_GLOBAL_ACCENT_COLOR_NAME = AccentColor;
				CODE_SIGN_STYLE = Automatic;
				CURRENT_PROJECT_VERSION = 1;
				GENERATE_INFOPLIST_FILE = YES;
				INFOPLIST_FILE = "SBTableView-DefaultConfig-ReuseWithCellId/Info.plist";
				INFOPLIST_KEY_UIApplicationSupportsIndirectInputEvents = YES;
				INFOPLIST_KEY_UILaunchStoryboardName = LaunchScreen;
				INFOPLIST_KEY_UIMainStoryboardFile = Main;
				INFOPLIST_KEY_UISupportedInterfaceOrientations_iPad = "UIInterfaceOrientationPortrait UIInterfaceOrientationPortraitUpsideDown UIInterfaceOrientationLandscapeLeft UIInterfaceOrientationLandscapeRight";
				INFOPLIST_KEY_UISupportedInterfaceOrientations_iPhone = "UIInterfaceOrientationPortrait UIInterfaceOrientationLandscapeLeft UIInterfaceOrientationLandscapeRight";
				LD_RUNPATH_SEARCH_PATHS = (
					"$(inherited)",
					"@executable_path/Frameworks",
				);
				MARKETING_VERSION = 1.0;
				PRODUCT_BUNDLE_IDENTIFIER = "com.tistory.developer.study.SBTableView-DefaultConfig-ReuseWithCellId";
				PRODUCT_NAME = "$(TARGET_NAME)";
				SWIFT_EMIT_LOC_STRINGS = YES;
				SWIFT_VERSION = 5.0;
				TARGETED_DEVICE_FAMILY = "1,2";
			};
			name = Debug;
		};
		117A0B822C8A0BC200460356 /* Release */ = {
			isa = XCBuildConfiguration;
			buildSettings = {
				ASSETCATALOG_COMPILER_APPICON_NAME = AppIcon;
				ASSETCATALOG_COMPILER_GLOBAL_ACCENT_COLOR_NAME = AccentColor;
				CODE_SIGN_STYLE = Automatic;
				CURRENT_PROJECT_VERSION = 1;
				GENERATE_INFOPLIST_FILE = YES;
				INFOPLIST_FILE = "SBTableView-DefaultConfig-ReuseWithCellId/Info.plist";
				INFOPLIST_KEY_UIApplicationSupportsIndirectInputEvents = YES;
				INFOPLIST_KEY_UILaunchStoryboardName = LaunchScreen;
				INFOPLIST_KEY_UIMainStoryboardFile = Main;
				INFOPLIST_KEY_UISupportedInterfaceOrientations_iPad = "UIInterfaceOrientationPortrait UIInterfaceOrientationPortraitUpsideDown UIInterfaceOrientationLandscapeLeft UIInterfaceOrientationLandscapeRight";
				INFOPLIST_KEY_UISupportedInterfaceOrientations_iPhone = "UIInterfaceOrientationPortrait UIInterfaceOrientationLandscapeLeft UIInterfaceOrientationLandscapeRight";
				LD_RUNPATH_SEARCH_PATHS = (
					"$(inherited)",
					"@executable_path/Frameworks",
				);
				MARKETING_VERSION = 1.0;
				PRODUCT_BUNDLE_IDENTIFIER = "com.tistory.developer.study.SBTableView-DefaultConfig-ReuseWithCellId";
				PRODUCT_NAME = "$(TARGET_NAME)";
				SWIFT_EMIT_LOC_STRINGS = YES;
				SWIFT_VERSION = 5.0;
				TARGETED_DEVICE_FAMILY = "1,2";
			};
			name = Release;
		};
/* End XCBuildConfiguration section */

/* Begin XCConfigurationList section */
		117A0B672C8A0BC100460356 /* Build configuration list for PBXProject "SBTableView-DefaultConfig-ReuseWithCellId" */ = {
			isa = XCConfigurationList;
			buildConfigurations = (
				117A0B7E2C8A0BC200460356 /* Debug */,
				117A0B7F2C8A0BC200460356 /* Release */,
			);
			defaultConfigurationIsVisible = 0;
			defaultConfigurationName = Release;
		};
		117A0B802C8A0BC200460356 /* Build configuration list for PBXNativeTarget "SBTableView-DefaultConfig-ReuseWithCellId" */ = {
			isa = XCConfigurationList;
			buildConfigurations = (
				117A0B812C8A0BC200460356 /* Debug */,
				117A0B822C8A0BC200460356 /* Release */,
			);
			defaultConfigurationIsVisible = 0;
			defaultConfigurationName = Release;
		};
/* End XCConfigurationList section */
	};
	rootObject = 117A0B642C8A0BC100460356 /* Project object */;
}
